%{
  "castore": {:hex, :castore, "1.0.7", "b651241514e5f6956028147fe6637f7ac13802537e895a724f90bf3e36ddd1dd", [:mix], [], "hexpm", "da7785a4b0d2a021cd1292a60875a784b6caef71e76bf4917bdee1f390455cf5"},
  "curl_req": {:hex, :curl_req, "0.98.0", "b6ee378b2b51036aa316e1738a8133339341f1d46e22e487a236985fe80a116f", [:mix], [{:ex_doc, ">= 0.0.0", [hex: :ex_doc, repo: "hexpm", optional: false]}, {:req, "~> 0.4.0 or ~> 0.5.0", [hex: :req, repo: "hexpm", optional: false]}], "hexpm", "335458c17173ce0354fc51a110c437eb372fb1354b443a876c01ea3f4b4c7ca3"},
  "earmark_parser": {:hex, :earmark_parser, "1.4.39", "424642f8335b05bb9eb611aa1564c148a8ee35c9c8a8bba6e129d51a3e3c6769", [:mix], [], "hexpm", "06553a88d1f1846da9ef066b87b57c6f605552cfbe40d20bd8d59cc6bde41944"},
  "ex_doc": {:hex, :ex_doc, "0.34.0", "ab95e0775db3df71d30cf8d78728dd9261c355c81382bcd4cefdc74610bef13e", [:mix], [{:earmark_parser, "~> 1.4.39", [hex: :earmark_parser, repo: "hexpm", optional: false]}, {:makeup_c, ">= 0.1.0", [hex: :makeup_c, repo: "hexpm", optional: true]}, {:makeup_elixir, "~> 0.14 or ~> 1.0", [hex: :makeup_elixir, repo: "hexpm", optional: false]}, {:makeup_erlang, "~> 0.1 or ~> 1.0", [hex: :makeup_erlang, repo: "hexpm", optional: false]}, {:makeup_html, ">= 0.1.0", [hex: :makeup_html, repo: "hexpm", optional: true]}], "hexpm", "60734fb4c1353f270c3286df4a0d51e65a2c1d9fba66af3940847cc65a8066d7"},
  "finch": {:hex, :finch, "0.18.0", "944ac7d34d0bd2ac8998f79f7a811b21d87d911e77a786bc5810adb75632ada4", [:mix], [{:castore, "~> 0.1 or ~> 1.0", [hex: :castore, repo: "hexpm", optional: false]}, {:mime, "~> 1.0 or ~> 2.0", [hex: :mime, repo: "hexpm", optional: false]}, {:mint, "~> 1.3", [hex: :mint, repo: "hexpm", optional: false]}, {:nimble_options, "~> 0.4 or ~> 1.0", [hex: :nimble_options, repo: "hexpm", optional: false]}, {:nimble_pool, "~> 0.2.6 or ~> 1.0", [hex: :nimble_pool, repo: "hexpm", optional: false]}, {:telemetry, "~> 0.4 or ~> 1.0", [hex: :telemetry, repo: "hexpm", optional: false]}], "hexpm", "69f5045b042e531e53edc2574f15e25e735b522c37e2ddb766e15b979e03aa65"},
  "fss": {:hex, :fss, "0.1.1", "9db2344dbbb5d555ce442ac7c2f82dd975b605b50d169314a20f08ed21e08642", [:mix], [], "hexpm", "78ad5955c7919c3764065b21144913df7515d52e228c09427a004afe9c1a16b0"},
  "hpax": {:hex, :hpax, "0.2.0", "5a58219adcb75977b2edce5eb22051de9362f08236220c9e859a47111c194ff5", [:mix], [], "hexpm", "bea06558cdae85bed075e6c036993d43cd54d447f76d8190a8db0dc5893fa2f1"},
  "jason": {:hex, :jason, "1.4.1", "af1504e35f629ddcdd6addb3513c3853991f694921b1b9368b0bd32beb9f1b63", [:mix], [{:decimal, "~> 1.0 or ~> 2.0", [hex: :decimal, repo: "hexpm", optional: true]}], "hexpm", "fbb01ecdfd565b56261302f7e1fcc27c4fb8f32d56eab74db621fc154604a7a1"},
  "kino": {:hex, :kino, "0.12.3", "a5f48a243c60a7ac18ba23869f697b1c775fc7794e8cd55dd248ba33c6fe9445", [:mix], [{:fss, "~> 0.1.0", [hex: :fss, repo: "hexpm", optional: false]}, {:nx, "~> 0.1", [hex: :nx, repo: "hexpm", optional: true]}, {:table, "~> 0.1.2", [hex: :table, repo: "hexpm", optional: false]}], "hexpm", "a6dfa3d54ba0edec9ca6e5940154916b381901001f171c85a2d8c67869dbc2d8"},
  "makeup": {:hex, :makeup, "1.1.2", "9ba8837913bdf757787e71c1581c21f9d2455f4dd04cfca785c70bbfff1a76a3", [:mix], [{:nimble_parsec, "~> 1.2.2 or ~> 1.3", [hex: :nimble_parsec, repo: "hexpm", optional: false]}], "hexpm", "cce1566b81fbcbd21eca8ffe808f33b221f9eee2cbc7a1706fc3da9ff18e6cac"},
  "makeup_elixir": {:hex, :makeup_elixir, "0.16.2", "627e84b8e8bf22e60a2579dad15067c755531fea049ae26ef1020cad58fe9578", [:mix], [{:makeup, "~> 1.0", [hex: :makeup, repo: "hexpm", optional: false]}, {:nimble_parsec, "~> 1.2.3 or ~> 1.3", [hex: :nimble_parsec, repo: "hexpm", optional: false]}], "hexpm", "41193978704763f6bbe6cc2758b84909e62984c7752b3784bd3c218bb341706b"},
  "makeup_erlang": {:hex, :makeup_erlang, "1.0.0", "6f0eff9c9c489f26b69b61440bf1b238d95badae49adac77973cbacae87e3c2e", [:mix], [{:makeup, "~> 1.0", [hex: :makeup, repo: "hexpm", optional: false]}], "hexpm", "ea7a9307de9d1548d2a72d299058d1fd2339e3d398560a0e46c27dab4891e4d2"},
  "mime": {:hex, :mime, "2.0.5", "dc34c8efd439abe6ae0343edbb8556f4d63f178594894720607772a041b04b02", [:mix], [], "hexpm", "da0d64a365c45bc9935cc5c8a7fc5e49a0e0f9932a761c55d6c52b142780a05c"},
  "mint": {:hex, :mint, "1.6.0", "88a4f91cd690508a04ff1c3e28952f322528934be541844d54e0ceb765f01d5e", [:mix], [{:castore, "~> 0.1.0 or ~> 1.0", [hex: :castore, repo: "hexpm", optional: true]}, {:hpax, "~> 0.1.1 or ~> 0.2.0", [hex: :hpax, repo: "hexpm", optional: false]}], "hexpm", "3c5ae85d90a5aca0a49c0d8b67360bbe407f3b54f1030a111047ff988e8fefaa"},
  "nimble_options": {:hex, :nimble_options, "1.1.1", "e3a492d54d85fc3fd7c5baf411d9d2852922f66e69476317787a7b2bb000a61b", [:mix], [], "hexpm", "821b2470ca9442c4b6984882fe9bb0389371b8ddec4d45a9504f00a66f650b44"},
  "nimble_parsec": {:hex, :nimble_parsec, "1.4.0", "51f9b613ea62cfa97b25ccc2c1b4216e81df970acd8e16e8d1bdc58fef21370d", [:mix], [], "hexpm", "9c565862810fb383e9838c1dd2d7d2c437b3d13b267414ba6af33e50d2d1cf28"},
  "nimble_pool": {:hex, :nimble_pool, "1.1.0", "bf9c29fbdcba3564a8b800d1eeb5a3c58f36e1e11d7b7fb2e084a643f645f06b", [:mix], [], "hexpm", "af2e4e6b34197db81f7aad230c1118eac993acc0dae6bc83bac0126d4ae0813a"},
  "phoenix": {:hex, :phoenix, "1.7.11", "1d88fc6b05ab0c735b250932c4e6e33bfa1c186f76dcf623d8dd52f07d6379c7", [:mix], [{:castore, ">= 0.0.0", [hex: :castore, repo: "hexpm", optional: false]}, {:jason, "~> 1.0", [hex: :jason, repo: "hexpm", optional: true]}, {:phoenix_pubsub, "~> 2.1", [hex: :phoenix_pubsub, repo: "hexpm", optional: false]}, {:phoenix_template, "~> 1.0", [hex: :phoenix_template, repo: "hexpm", optional: false]}, {:phoenix_view, "~> 2.0", [hex: :phoenix_view, repo: "hexpm", optional: true]}, {:plug, "~> 1.14", [hex: :plug, repo: "hexpm", optional: false]}, {:plug_cowboy, "~> 2.7", [hex: :plug_cowboy, repo: "hexpm", optional: true]}, {:plug_crypto, "~> 1.2 or ~> 2.0", [hex: :plug_crypto, repo: "hexpm", optional: false]}, {:telemetry, "~> 0.4 or ~> 1.0", [hex: :telemetry, repo: "hexpm", optional: false]}, {:websock_adapter, "~> 0.5.3", [hex: :websock_adapter, repo: "hexpm", optional: false]}], "hexpm", "b1ec57f2e40316b306708fe59b92a16b9f6f4bf50ccfa41aa8c7feb79e0ec02a"},
  "phoenix_pubsub": {:hex, :phoenix_pubsub, "2.1.3", "3168d78ba41835aecad272d5e8cd51aa87a7ac9eb836eabc42f6e57538e3731d", [:mix], [], "hexpm", "bba06bc1dcfd8cb086759f0edc94a8ba2bc8896d5331a1e2c2902bf8e36ee502"},
  "phoenix_template": {:hex, :phoenix_template, "1.0.4", "e2092c132f3b5e5b2d49c96695342eb36d0ed514c5b252a77048d5969330d639", [:mix], [{:phoenix_html, "~> 2.14.2 or ~> 3.0 or ~> 4.0", [hex: :phoenix_html, repo: "hexpm", optional: true]}], "hexpm", "2c0c81f0e5c6753faf5cca2f229c9709919aba34fab866d3bc05060c9c444206"},
  "plug": {:hex, :plug, "1.16.0", "1d07d50cb9bb05097fdf187b31cf087c7297aafc3fed8299aac79c128a707e47", [:mix], [{:mime, "~> 1.0 or ~> 2.0", [hex: :mime, repo: "hexpm", optional: false]}, {:plug_crypto, "~> 1.1.1 or ~> 1.2 or ~> 2.0", [hex: :plug_crypto, repo: "hexpm", optional: false]}, {:telemetry, "~> 0.4.3 or ~> 1.0", [hex: :telemetry, repo: "hexpm", optional: false]}], "hexpm", "cbf53aa1f5c4d758a7559c0bd6d59e286c2be0c6a1fac8cc3eee2f638243b93e"},
  "plug_crypto": {:hex, :plug_crypto, "2.1.0", "f44309c2b06d249c27c8d3f65cfe08158ade08418cf540fd4f72d4d6863abb7b", [:mix], [], "hexpm", "131216a4b030b8f8ce0f26038bc4421ae60e4bb95c5cf5395e1421437824c4fa"},
  "req": {:hex, :req, "0.5.0", "6d8a77c25cfc03e06a439fb12ffb51beade53e3fe0e2c5e362899a18b50298b3", [:mix], [{:brotli, "~> 0.3.1", [hex: :brotli, repo: "hexpm", optional: true]}, {:ezstd, "~> 1.0", [hex: :ezstd, repo: "hexpm", optional: true]}, {:finch, "~> 0.17", [hex: :finch, repo: "hexpm", optional: false]}, {:jason, "~> 1.0", [hex: :jason, repo: "hexpm", optional: false]}, {:mime, "~> 1.6 or ~> 2.0", [hex: :mime, repo: "hexpm", optional: false]}, {:nimble_csv, "~> 1.0", [hex: :nimble_csv, repo: "hexpm", optional: true]}, {:plug, "~> 1.0", [hex: :plug, repo: "hexpm", optional: true]}], "hexpm", "dda04878c1396eebbfdec6db6f3d4ca609e5c8846b7ee88cc56eb9891406f7a3"},
  "table": {:hex, :table, "0.1.2", "87ad1125f5b70c5dea0307aa633194083eb5182ec537efc94e96af08937e14a8", [:mix], [], "hexpm", "7e99bc7efef806315c7e65640724bf165c3061cdc5d854060f74468367065029"},
  "telemetry": {:hex, :telemetry, "1.2.1", "68fdfe8d8f05a8428483a97d7aab2f268aaff24b49e0f599faa091f1d4e7f61c", [:rebar3], [], "hexpm", "dad9ce9d8effc621708f99eac538ef1cbe05d6a874dd741de2e689c47feafed5"},
  "websock": {:hex, :websock, "0.5.3", "2f69a6ebe810328555b6fe5c831a851f485e303a7c8ce6c5f675abeb20ebdadc", [:mix], [], "hexpm", "6105453d7fac22c712ad66fab1d45abdf049868f253cf719b625151460b8b453"},
  "websock_adapter": {:hex, :websock_adapter, "0.5.5", "9dfeee8269b27e958a65b3e235b7e447769f66b5b5925385f5a569269164a210", [:mix], [{:bandit, ">= 0.6.0", [hex: :bandit, repo: "hexpm", optional: true]}, {:plug, "~> 1.14", [hex: :plug, repo: "hexpm", optional: false]}, {:plug_cowboy, "~> 2.6", [hex: :plug_cowboy, repo: "hexpm", optional: true]}, {:websock, "~> 0.5", [hex: :websock, repo: "hexpm", optional: false]}], "hexpm", "4b977ba4a01918acbf77045ff88de7f6972c2a009213c515a445c48f224ffce9"},
}
